// !$*UTF8*$!
{
	archiveVersion = 1;
	classes = {
	};
	objectVersion = 50;
	objects = {

/* Begin PBXBuildFile section */
		4FB69FFF2533BAC70003FBF3 /* MyCardApp.swift in Sources */ = {isa = PBXBuildFile; fileRef = 4FB69FFE2533BAC70003FBF3 /* MyCardApp.swift */; };
		4FB6A0012533BAC70003FBF3 /* ContentView.swift in Sources */ = {isa = PBXBuildFile; fileRef = 4FB6A0002533BAC70003FBF3 /* ContentView.swift */; };
		4FB6A0032533BACA0003FBF3 /* Assets.xcassets in Resources */ = {isa = PBXBuildFile; fileRef = 4FB6A0022533BACA0003FBF3 /* Assets.xcassets */; };
		4FB6A0062533BACA0003FBF3 /* Preview Assets.xcassets in Resources */ = {isa = PBXBuildFile; fileRef = 4FB6A0052533BACA0003FBF3 /* Preview Assets.xcassets */; };
		4FB6A0142533BE350003FBF3 /* Pacifico-Regular.ttf in Resources */ = {isa = PBXBuildFile; fileRef = 4FB6A0132533BE350003FBF3 /* Pacifico-Regular.ttf */; };
		4FB6A0172533C46E0003FBF3 /* InfoView.swift in Sources */ = {isa = PBXBuildFile; fileRef = 4FB6A0162533C46E0003FBF3 /* InfoView.swift */; };
/* End PBXBuildFile section */

/* Begin PBXFileReference section */
		4FB69FFB2533BAC70003FBF3 /* MyCard.app */ = {isa = PBXFileReference; explicitFileType = wrapper.application; includeInIndex = 0; path = MyCard.app; sourceTree = BUILT_PRODUCTS_DIR; };
		4FB69FFE2533BAC70003FBF3 /* MyCardApp.swift */ = {isa = PBXFileReference; lastKnownFileType = sourcecode.swift; path = MyCardApp.swift; sourceTree = "<group>"; };
		4FB6A0002533BAC70003FBF3 /* ContentView.swift */ = {isa = PBXFileReference; lastKnownFileType = sourcecode.swift; path = ContentView.swift; sourceTree = "<group>"; };
		4FB6A0022533BACA0003FBF3 /* Assets.xcassets */ = {isa = PBXFileReference; lastKnownFileType = folder.assetcatalog; path = Assets.xcassets; sourceTree = "<group>"; };
		4FB6A0052533BACA0003FBF3 /* Preview Assets.xcassets */ = {isa = PBXFileReference; lastKnownFileType = folder.assetcatalog; path = "Preview Assets.xcassets"; sourceTree = "<group>"; };
		4FB6A0072533BACA0003FBF3 /* Info.plist */ = {isa = PBXFileReference; lastKnownFileType = text.plist.xml; path = Info.plist; sourceTree = "<group>"; };
		4FB6A0132533BE350003FBF3 /* Pacifico-Regular.ttf */ = {isa = PBXFileReference; lastKnownFileType = file; path = "Pacifico-Regular.ttf"; sourceTree = "<group>"; };
		4FB6A0162533C46E0003FBF3 /* InfoView.swift */ = {isa = PBXFileReference; lastKnownFileType = sourcecode.swift; path = InfoView.swift; sourceTree = "<group>"; };
/* End PBXFileReference section */

/* Begin PBXFrameworksBuildPhase section */
		4FB69FF82533BAC70003FBF3 /* Frameworks */ = {
			isa = PBXFrameworksBuildPhase;
			buildActionMask = 2147483647;
			files = (
			);
			runOnlyForDeploymentPostprocessing = 0;
		};
/* End PBXFrameworksBuildPhase section */

/* Begin PBXGroup section */
		4FB69FF22533BAC70003FBF3 = {
			isa = PBXGroup;
			children = (
				4FB69FFD2533BAC70003FBF3 /* MyCard */,
				4FB69FFC2533BAC70003FBF3 /* Products */,
			);
			sourceTree = "<group>";
		};
		4FB69FFC2533BAC70003FBF3 /* Products */ = {
			isa = PBXGroup;
			children = (
				4FB69FFB2533BAC70003FBF3 /* MyCard.app */,
			);
			name = Products;
			sourceTree = "<group>";
		};
		4FB69FFD2533BAC70003FBF3 /* MyCard */ = {
			isa = PBXGroup;
			children = (
				4FB6A00E2533BDEE0003FBF3 /* Fonts */,
				4FB69FFE2533BAC70003FBF3 /* MyCardApp.swift */,
				4FB6A0002533BAC70003FBF3 /* ContentView.swift */,
				4FB6A0022533BACA0003FBF3 /* Assets.xcassets */,
				4FB6A0072533BACA0003FBF3 /* Info.plist */,
				4FB6A0042533BACA0003FBF3 /* Preview Content */,
				4FB6A0162533C46E0003FBF3 /* InfoView.swift */,
			);
			path = MyCard;
			sourceTree = "<group>";
		};
		4FB6A0042533BACA0003FBF3 /* Preview Content */ = {
			isa = PBXGroup;
			children = (
				4FB6A0052533BACA0003FBF3 /* Preview Assets.xcassets */,
			);
			path = "Preview Content";
			sourceTree = "<group>";
		};
		4FB6A00E2533BDEE0003FBF3 /* Fonts */ = {
			isa = PBXGroup;
			children = (
				4FB6A0132533BE350003FBF3 /* Pacifico-Regular.ttf */,
			);
			path = Fonts;
			sourceTree = "<group>";
		};
/* End PBXGroup section */

/* Begin PBXNativeTarget section */
		4FB69FFA2533BAC70003FBF3 /* MyCard */ = {
			isa = PBXNativeTarget;
			buildConfigurationList = 4FB6A00A2533BACA0003FBF3 /* Build configuration list for PBXNativeTarget "MyCard" */;
			buildPhases = (
				4FB69FF72533BAC70003FBF3 /* Sources */,
				4FB69FF82533BAC70003FBF3 /* Frameworks */,
				4FB69FF92533BAC70003FBF3 /* Resources */,
			);
			buildRules = (
			);
			dependencies = (
			);
			name = MyCard;
			productName = MyCard;
			productReference = 4FB69FFB2533BAC70003FBF3 /* MyCard.app */;
			productType = "com.apple.product-type.application";
		};
/* End PBXNativeTarget section */

/* Begin PBXProject section */
		4FB69FF32533BAC70003FBF3 /* Project object */ = {
			isa = PBXProject;
			attributes = {
				LastSwiftUpdateCheck = 1200;
				LastUpgradeCheck = 1200;
				TargetAttributes = {
					4FB69FFA2533BAC70003FBF3 = {
						CreatedOnToolsVersion = 12.0.1;
					};
				};
			};
			buildConfigurationList = 4FB69FF62533BAC70003FBF3 /* Build configuration list for PBXProject "MyCard" */;
			compatibilityVersion = "Xcode 9.3";
			developmentRegion = en;
			hasScannedForEncodings = 0;
			knownRegions = (
				en,
				Base,
			);
			mainGroup = 4FB69FF22533BAC70003FBF3;
			productRefGroup = 4FB69FFC2533BAC70003FBF3 /* Products */;
			projectDirPath = "";
			projectRoot = "";
			targets = (
				4FB69FFA2533BAC70003FBF3 /* MyCard */,
			);
		};
/* End PBXProject section */

/* Begin PBXResourcesBuildPhase section */
		4FB69FF92533BAC70003FBF3 /* Resources */ = {
			isa = PBXResourcesBuildPhase;
			buildActionMask = 2147483647;
			files = (
				4FB6A0142533BE350003FBF3 /* Pacifico-Regular.ttf in Resources */,
				4FB6A0062533BACA0003FBF3 /* Preview Assets.xcassets in Resources */,
				4FB6A0032533BACA0003FBF3 /* Assets.xcassets in Resources */,
			);
			runOnlyForDeploymentPostprocessing = 0;
		};
/* End PBXResourcesBuildPhase section */

/* Begin PBXSourcesBuildPhase section */
		4FB69FF72533BAC70003FBF3 /* Sources */ = {
			isa = PBXSourcesBuildPhase;
			buildActionMask = 2147483647;
			files = (
				4FB6A0012533BAC70003FBF3 /* ContentView.swift in Sources */,
				4FB6A0172533C46E0003FBF3 /* InfoView.swift in Sources */,
				4FB69FFF2533BAC70003FBF3 /* MyCardApp.swift in Sources */,
			);
			runOnlyForDeploymentPostprocessing = 0;
		};
/* End PBXSourcesBuildPhase section */

/* Begin XCBuildConfiguration section */
		4FB6A0082533BACA0003FBF3 /* Debug */ = {
			isa = XCBuildConfiguration;
			buildSettings = {
				ALWAYS_SEARCH_USER_PATHS = NO;
				CLANG_ANALYZER_NONNULL = YES;
				CLANG_ANALYZER_NUMBER_OBJECT_CONVERSION = YES_AGGRESSIVE;
				CLANG_CXX_LANGUAGE_STANDARD = "gnu++14";
				CLANG_CXX_LIBRARY = "libc++";
				CLANG_ENABLE_MODULES = YES;
				CLANG_ENABLE_OBJC_ARC = YES;
				CLANG_ENABLE_OBJC_WEAK = YES;
				CLANG_WARN_BLOCK_CAPTURE_AUTORELEASING = YES;
				CLANG_WARN_BOOL_CONVERSION = YES;
				CLANG_WARN_COMMA = YES;
				CLANG_WARN_CONSTANT_CONVERSION = YES;
				CLANG_WARN_DEPRECATED_OBJC_IMPLEMENTATIONS = YES;
				CLANG_WARN_DIRECT_OBJC_ISA_USAGE = YES_ERROR;
				CLANG_WARN_DOCUMENTATION_COMMENTS = YES;
				CLANG_WARN_EMPTY_BODY = YES;
				CLANG_WARN_ENUM_CONVERSION = YES;
				CLANG_WARN_INFINITE_RECURSION = YES;
				CLANG_WARN_INT_CONVERSION = YES;
				CLANG_WARN_NON_LITERAL_NULL_CONVERSION = YES;
				CLANG_WARN_OBJC_IMPLICIT_RETAIN_SELF = YES;
				CLANG_WARN_OBJC_LITERAL_CONVERSION = YES;
				CLANG_WARN_OBJC_ROOT_CLASS = YES_ERROR;
				CLANG_WARN_QUOTED_INCLUDE_IN_FRAMEWORK_HEADER = YES;
				CLANG_WARN_RANGE_LOOP_ANALYSIS = YES;
				CLANG_WARN_STRICT_PROTOTYPES = YES;
				CLANG_WARN_SUSPICIOUS_MOVE = YES;
				CLANG_WARN_UNGUARDED_AVAILABILITY = YES_AGGRESSIVE;
				CLANG_WARN_UNREACHABLE_CODE = YES;
				CLANG_WARN__DUPLICATE_METHOD_MATCH = YES;
				COPY_PHASE_STRIP = NO;
				DEBUG_INFORMATION_FORMAT = dwarf;
				ENABLE_STRICT_OBJC_MSGSEND = YES;
				ENABLE_TESTABILITY = YES;
				GCC_C_LANGUAGE_STANDARD = gnu11;
				GCC_DYNAMIC_NO_PIC = NO;
				GCC_NO_COMMON_BLOCKS = YES;
				GCC_OPTIMIZATION_LEVEL = 0;
				GCC_PREPROCESSOR_DEFINITIONS = (
					"DEBUG=1",
					"$(inherited)",
				);
				GCC_WARN_64_TO_32_BIT_CONVERSION = YES;
				GCC_WARN_ABOUT_RETURN_TYPE = YES_ERROR;
				GCC_WARN_UNDECLARED_SELECTOR = YES;
				GCC_WARN_UNINITIALIZED_AUTOS = YES_AGGRESSIVE;
				GCC_WARN_UNUSED_FUNCTION = YES;
				GCC_WARN_UNUSED_VARIABLE = YES;
				IPHONEOS_DEPLOYMENT_TARGET = 14.0;
				MTL_ENABLE_DEBUG_INFO = INCLUDE_SOURCE;
				MTL_FAST_MATH = YES;
				ONLY_ACTIVE_ARCH = YES;
				SDKROOT = iphoneos;
				SWIFT_ACTIVE_COMPILATION_CONDITIONS = DEBUG;
				SWIFT_OPTIMIZATION_LEVEL = "-Onone";
			};
			name = Debug;
		};
		4FB6A0092533BACA0003FBF3 /* Release */ = {
			isa = XCBuildConfiguration;
			buildSettings = {
				ALWAYS_SEARCH_USER_PATHS = NO;
				CLANG_ANALYZER_NONNULL = YES;
				CLANG_ANALYZER_NUMBER_OBJECT_CONVERSION = YES_AGGRESSIVE;
				CLANG_CXX_LANGUAGE_STANDARD = "gnu++14";
				CLANG_CXX_LIBRARY = "libc++";
				CLANG_ENABLE_MODULES = YES;
				CLANG_ENABLE_OBJC_ARC = YES;
				CLANG_ENABLE_OBJC_WEAK = YES;
				CLANG_WARN_BLOCK_CAPTURE_AUTORELEASING = YES;
				CLANG_WARN_BOOL_CONVERSION = YES;
				CLANG_WARN_COMMA = YES;
				CLANG_WARN_CONSTANT_CONVERSION = YES;
				CLANG_WARN_DEPRECATED_OBJC_IMPLEMENTATIONS = YES;
				CLANG_WARN_DIRECT_OBJC_ISA_USAGE = YES_ERROR;
				CLANG_WARN_DOCUMENTATION_COMMENTS = YES;
				CLANG_WARN_EMPTY_BODY = YES;
				CLANG_WARN_ENUM_CONVERSION = YES;
				CLANG_WARN_INFINITE_RECURSION = YES;
				CLANG_WARN_INT_CONVERSION = YES;
				CLANG_WARN_NON_LITERAL_NULL_CONVERSION = YES;
				CLANG_WARN_OBJC_IMPLICIT_RETAIN_SELF = YES;
				CLANG_WARN_OBJC_LITERAL_CONVERSION = YES;
				CLANG_WARN_OBJC_ROOT_CLASS = YES_ERROR;
				CLANG_WARN_QUOTED_INCLUDE_IN_FRAMEWORK_HEADER = YES;
				CLANG_WARN_RANGE_LOOP_ANALYSIS = YES;
				CLANG_WARN_STRICT_PROTOTYPES = YES;
				CLANG_WARN_SUSPICIOUS_MOVE = YES;
				CLANG_WARN_UNGUARDED_AVAILABILITY = YES_AGGRESSIVE;
				CLANG_WARN_UNREACHABLE_CODE = YES;
				CLANG_WARN__DUPLICATE_METHOD_MATCH = YES;
				COPY_PHASE_STRIP = NO;
				DEBUG_INFORMATION_FORMAT = "dwarf-with-dsym";
				ENABLE_NS_ASSERTIONS = NO;
				ENABLE_STRICT_OBJC_MSGSEND = YES;
				GCC_C_LANGUAGE_STANDARD = gnu11;
				GCC_NO_COMMON_BLOCKS = YES;
				GCC_WARN_64_TO_32_BIT_CONVERSION = YES;
				GCC_WARN_ABOUT_RETURN_TYPE = YES_ERROR;
				GCC_WARN_UNDECLARED_SELECTOR = YES;
				GCC_WARN_UNINITIALIZED_AUTOS = YES_AGGRESSIVE;
				GCC_WARN_UNUSED_FUNCTION = YES;
				GCC_WARN_UNUSED_VARIABLE = YES;
				IPHONEOS_DEPLOYMENT_TARGET = 14.0;
				MTL_ENABLE_DEBUG_INFO = NO;
				MTL_FAST_MATH = YES;
				SDKROOT = iphoneos;
				SWIFT_COMPILATION_MODE = wholemodule;
				SWIFT_OPTIMIZATION_LEVEL = "-O";
				VALIDATE_PRODUCT = YES;
			};
			name = Release;
		};
		4FB6A00B2533BACA0003FBF3 /* Debug */ = {
			isa = XCBuildConfiguration;
			buildSettings = {
				ASSETCATALOG_COMPILER_APPICON_NAME = AppIcon;
				ASSETCATALOG_COMPILER_GLOBAL_ACCENT_COLOR_NAME = AccentColor;
				CODE_SIGN_STYLE = Automatic;
				DEVELOPMENT_ASSET_PATHS = "\"MyCard/Preview Content\"";
				DEVELOPMENT_TEAM = HRKV954586;
				ENABLE_PREVIEWS = YES;
				INFOPLIST_FILE = MyCard/Info.plist;
				IPHONEOS_DEPLOYMENT_TARGET = 14.0;
				LD_RUNPATH_SEARCH_PATHS = (
					"$(inherited)",
					"@executable_path/Frameworks",
				);
				PRODUCT_BUNDLE_IDENTIFIER = cl.silca8.cl.MyCard;
				PRODUCT_NAME = "$(TARGET_NAME)";
				SWIFT_VERSION = 5.0;
				TARGETED_DEVICE_FAMILY = "1,2";
			};
			name = Debug;
		};
		4FB6A00C2533BACA0003FBF3 /* Release */ = {
			isa = XCBuildConfiguration;
			buildSettings = {
				ASSETCATALOG_COMPILER_APPICON_NAME = AppIcon;
				ASSETCATALOG_COMPILER_GLOBAL_ACCENT_COLOR_NAME = AccentColor;
				CODE_SIGN_STYLE = Automatic;
				DEVELOPMENT_ASSET_PATHS = "\"MyCard/Preview Content\"";
				DEVELOPMENT_TEAM = HRKV954586;
				ENABLE_PREVIEWS = YES;
				INFOPLIST_FILE = MyCard/Info.plist;
				IPHONEOS_DEPLOYMENT_TARGET = 14.0;
				LD_RUNPATH_SEARCH_PATHS = (
					"$(inherited)",
					"@executable_path/Frameworks",
				);
				PRODUCT_BUNDLE_IDENTIFIER = cl.silca8.cl.MyCard;
				PRODUCT_NAME = "$(TARGET_NAME)";
				SWIFT_VERSION = 5.0;
				TARGETED_DEVICE_FAMILY = "1,2";
			};
			name = Release;
		};
/* End XCBuildConfiguration section */

/* Begin XCConfigurationList section */
		4FB69FF62533BAC70003FBF3 /* Build configuration list for PBXProject "MyCard" */ = {
			isa = XCConfigurationList;
			buildConfigurations = (
				4FB6A0082533BACA0003FBF3 /* Debug */,
				4FB6A0092533BACA0003FBF3 /* Release */,
			);
			defaultConfigurationIsVisible = 0;
			defaultConfigurationName = Release;
		};
		4FB6A00A2533BACA0003FBF3 /* Build configuration list for PBXNativeTarget "MyCard" */ = {
			isa = XCConfigurationList;
			buildConfigurations = (
				4FB6A00B2533BACA0003FBF3 /* Debug */,
				4FB6A00C2533BACA0003FBF3 /* Release */,
			);
			defaultConfigurationIsVisible = 0;
			defaultConfigurationName = Release;
		};
/* End XCConfigurationList section */
	};
	rootObject = 4FB69FF32533BAC70003FBF3 /* Project object */;
}
